
Microsoft Visual Studio Solution File, Format Version 12.00
Project("{FAE04EC0-301F-11D3-BF4B-00C04F79EFBC}") = "Client", "Client\Client.csproj", "{C86861F9-ED00-48AB-9D6A-18C0DC968062}"
EndProject
Project("{FAE04EC0-301F-11D3-BF4B-00C04F79EFBC}") = "Scheduler", "Scheduler\Scheduler.csproj", "{C38ED862-A026-44A3-998B-E13CA090ABF0}"
EndProject
Global
	GlobalSection(SolutionConfigurationPlatforms) = preSolution
		Debug|Any CPU = Debug|Any CPU
		Release|Any CPU = Release|Any CPU
	EndGlobalSection
	GlobalSection(ProjectConfigurationPlatforms) = postSolution
		{C86861F9-ED00-48AB-9D6A-18C0DC968062}.Debug|Any CPU.ActiveCfg = Debug|Any CPU
		{C86861F9-ED00-48AB-9D6A-18C0DC968062}.Debug|Any CPU.Build.0 = Debug|Any CPU
		{C86861F9-ED00-48AB-9D6A-18C0DC968062}.Release|Any CPU.ActiveCfg = Release|Any CPU
		{C86861F9-ED00-48AB-9D6A-18C0DC968062}.Release|Any CPU.Build.0 = Release|Any CPU
		{C38ED862-A026-44A3-998B-E13CA090ABF0}.Debug|Any CPU.ActiveCfg = Debug|Any CPU
		{C38ED862-A026-44A3-998B-E13CA090ABF0}.Debug|Any CPU.Build.0 = Debug|Any CPU
		{C38ED862-A026-44A3-998B-E13CA090ABF0}.Release|Any CPU.ActiveCfg = Release|Any CPU
		{C38ED862-A026-44A3-998B-E13CA090ABF0}.Release|Any CPU.Build.0 = Release|Any CPU
	EndGlobalSection
EndGlobal
